
Microsoft Visual Studio Solution File, Format Version 12.00
# Visual Studio 15
Project("{FAE04EC0-301F-11D3-BF4B-00C04F79EFBC}") = "Assembly-CSharp", "Assembly-CSharp.csproj", "{7AF0C79F-9ED1-F0AE-47FB-9E0F9229DD32}"
EndProject
Project("{FAE04EC0-301F-11D3-BF4B-00C04F79EFBC}") = "Assembly-CSharp-Editor-firstpass", "Assembly-CSharp-Editor-firstpass.csproj", "{38D8D400-B51D-59E5-8E24-A035B5D3001F}"
EndProject
Global
	GlobalSection(SolutionConfigurationPlatforms) = preSolution
		Debug|Any CPU = Debug|Any CPU
		Release|Any CPU = Release|Any CPU
	EndGlobalSection
	GlobalSection(ProjectConfigurationPlatforms) = postSolution
		{7AF0C79F-9ED1-F0AE-47FB-9E0F9229DD32}.Debug|Any CPU.ActiveCfg = Debug|Any CPU
		{7AF0C79F-9ED1-F0AE-47FB-9E0F9229DD32}.Debug|Any CPU.Build.0 = Debug|Any CPU
		{7AF0C79F-9ED1-F0AE-47FB-9E0F9229DD32}.Release|Any CPU.ActiveCfg = Release|Any CPU
		{7AF0C79F-9ED1-F0AE-47FB-9E0F9229DD32}.Release|Any CPU.Build.0 = Release|Any CPU
		{38D8D400-B51D-59E5-8E24-A035B5D3001F}.Debug|Any CPU.ActiveCfg = Debug|Any CPU
		{38D8D400-B51D-59E5-8E24-A035B5D3001F}.Debug|Any CPU.Build.0 = Debug|Any CPU
		{38D8D400-B51D-59E5-8E24-A035B5D3001F}.Release|Any CPU.ActiveCfg = Release|Any CPU
		{38D8D400-B51D-59E5-8E24-A035B5D3001F}.Release|Any CPU.Build.0 = Release|Any CPU
	EndGlobalSection
	GlobalSection(SolutionProperties) = preSolution
		HideSolutionNode = FALSE
	EndGlobalSection
EndGlobal
